
Microsoft Visual Studio Solution File, Format Version 12.00
# Visual Studio Version 17
VisualStudioVersion = 17.11.35222.181
MinimumVisualStudioVersion = 10.0.40219.1
Project("{FAE04EC0-301F-11D3-BF4B-00C04F79EFBC}") = "LathalTestApi", "LathalTestApi\LathalTestApi.csproj", "{105FAEFB-8673-46ED-BA20-DEC030B6EE59}"
EndProject
Global
	GlobalSection(SolutionConfigurationPlatforms) = preSolution
		Debug|Any CPU = Debug|Any CPU
		Release|Any CPU = Release|Any CPU
	EndGlobalSection
	GlobalSection(ProjectConfigurationPlatforms) = postSolution
		{105FAEFB-8673-46ED-BA20-DEC030B6EE59}.Debug|Any CPU.ActiveCfg = Debug|Any CPU
		{105FAEFB-8673-46ED-BA20-DEC030B6EE59}.Debug|Any CPU.Build.0 = Debug|Any CPU
		{105FAEFB-8673-46ED-BA20-DEC030B6EE59}.Release|Any CPU.ActiveCfg = Release|Any CPU
		{105FAEFB-8673-46ED-BA20-DEC030B6EE59}.Release|Any CPU.Build.0 = Release|Any CPU
	EndGlobalSection
	GlobalSection(SolutionProperties) = preSolution
		HideSolutionNode = FALSE
	EndGlobalSection
	GlobalSection(ExtensibilityGlobals) = postSolution
		SolutionGuid = {21784969-1C8F-49A1-A77F-01A1026C23F2}
	EndGlobalSection
EndGlobal
